// !$*UTF8*$!
{
	archiveVersion = 1;
	classes = {
	};
	objectVersion = 56;
	objects = {

/* Begin PBXBuildFile section */
		AA27F2BA2B4E015D005A3082 /* MarketDataModel.swift in Sources */ = {isa = PBXBuildFile; fileRef = AA27F2B92B4E015D005A3082 /* MarketDataModel.swift */; };
		AA27F2BC2B4E04DF005A3082 /* MarketDataService.swift in Sources */ = {isa = PBXBuildFile; fileRef = AA27F2BB2B4E04DF005A3082 /* MarketDataService.swift */; };
		AA3FC6F72B56E871006F9002 /* DetailView.swift in Sources */ = {isa = PBXBuildFile; fileRef = AA3FC6F62B56E871006F9002 /* DetailView.swift */; };
		AA7DBB162B596F46002BE205 /* CoinDetailModel.swift in Sources */ = {isa = PBXBuildFile; fileRef = AA7DBB152B596F46002BE205 /* CoinDetailModel.swift */; };
		AA7DBB182B597001002BE205 /* CoinDetailViewModel.swift in Sources */ = {isa = PBXBuildFile; fileRef = AA7DBB172B597001002BE205 /* CoinDetailViewModel.swift */; };
		AA7DBB1A2B59701D002BE205 /* CoinDetailDataService.swift in Sources */ = {isa = PBXBuildFile; fileRef = AA7DBB192B59701D002BE205 /* CoinDetailDataService.swift */; };
		AAA8694E2B4AE8C200B3C71C /* SearchBarView.swift in Sources */ = {isa = PBXBuildFile; fileRef = AAA8694D2B4AE8C200B3C71C /* SearchBarView.swift */; };
		AAA869502B4AFCB500B3C71C /* UIApplication+Extension.swift in Sources */ = {isa = PBXBuildFile; fileRef = AAA8694F2B4AFCB500B3C71C /* UIApplication+Extension.swift */; };
		AAAD70A82B505C7800914416 /* PortfolioContainer.xcdatamodeld in Sources */ = {isa = PBXBuildFile; fileRef = AAAD70A62B505C7800914416 /* PortfolioContainer.xcdatamodeld */; };
		AAAD70AA2B505CE800914416 /* PortfolioDataService.swift in Sources */ = {isa = PBXBuildFile; fileRef = AAAD70A92B505CE800914416 /* PortfolioDataService.swift */; };
		AAC9FEA12B4B39D600FCDA15 /* StatisticModel.swift in Sources */ = {isa = PBXBuildFile; fileRef = AAC9FEA02B4B39D600FCDA15 /* StatisticModel.swift */; };
		AAC9FEA32B4B3AC300FCDA15 /* StatisticView.swift in Sources */ = {isa = PBXBuildFile; fileRef = AAC9FEA22B4B3AC300FCDA15 /* StatisticView.swift */; };
		AAC9FEA62B4B3DEF00FCDA15 /* HomeStatsView.swift in Sources */ = {isa = PBXBuildFile; fileRef = AAC9FEA52B4B3DEF00FCDA15 /* HomeStatsView.swift */; };
		AADE197E2B4EDCC90027E666 /* PorfolioView.swift in Sources */ = {isa = PBXBuildFile; fileRef = AADE197D2B4EDCC90027E666 /* PorfolioView.swift */; };
		AADE19812B4EE03F0027E666 /* XMarkButton.swift in Sources */ = {isa = PBXBuildFile; fileRef = AADE19802B4EE03F0027E666 /* XMarkButton.swift */; };
		AADE19832B4EE25F0027E666 /* CoinLogoView.swift in Sources */ = {isa = PBXBuildFile; fileRef = AADE19822B4EE25F0027E666 /* CoinLogoView.swift */; };
		BE2B992E2B3BD3590074689B /* LocalFileManager.swift in Sources */ = {isa = PBXBuildFile; fileRef = BE2B992D2B3BD3590074689B /* LocalFileManager.swift */; };
		BE486A972B37089200A0BFF3 /* UIWindow+Extension.swift in Sources */ = {isa = PBXBuildFile; fileRef = BE486A962B37089200A0BFF3 /* UIWindow+Extension.swift */; };
		BE486A992B371B2C00A0BFF3 /* HomeViewModel.swift in Sources */ = {isa = PBXBuildFile; fileRef = BE486A982B371B2C00A0BFF3 /* HomeViewModel.swift */; };
		BE486A9D2B372DA400A0BFF3 /* CoinDataService.swift in Sources */ = {isa = PBXBuildFile; fileRef = BE486A9C2B372DA400A0BFF3 /* CoinDataService.swift */; };
		BE486AA02B37454800A0BFF3 /* NetworkingManager.swift in Sources */ = {isa = PBXBuildFile; fileRef = BE486A9F2B37454800A0BFF3 /* NetworkingManager.swift */; };
		BE486AE82B37A5E100A0BFF3 /* CoinImageView.swift in Sources */ = {isa = PBXBuildFile; fileRef = BE486AE72B37A5E100A0BFF3 /* CoinImageView.swift */; };
		BE486AEA2B37A82D00A0BFF3 /* CoinImageService.swift in Sources */ = {isa = PBXBuildFile; fileRef = BE486AE92B37A82D00A0BFF3 /* CoinImageService.swift */; };
		BE486AEC2B37A9D900A0BFF3 /* CoinImageViewModel.swift in Sources */ = {isa = PBXBuildFile; fileRef = BE486AEB2B37A9D900A0BFF3 /* CoinImageViewModel.swift */; };
		BEE44FEE2B36E54500F177FF /* CryptoTrackerApp.swift in Sources */ = {isa = PBXBuildFile; fileRef = BEE44FED2B36E54500F177FF /* CryptoTrackerApp.swift */; };
		BEE44FF52B36E54600F177FF /* Preview Assets.xcassets in Resources */ = {isa = PBXBuildFile; fileRef = BEE44FF42B36E54600F177FF /* Preview Assets.xcassets */; };
		BEE44FFC2B36E60400F177FF /* Assets.xcassets in Resources */ = {isa = PBXBuildFile; fileRef = BEE44FFB2B36E60400F177FF /* Assets.xcassets */; };
		BEE450002B36E65800F177FF /* Color+Extension.swift in Sources */ = {isa = PBXBuildFile; fileRef = BEE44FFF2B36E65800F177FF /* Color+Extension.swift */; };
		BEE450082B36E8C900F177FF /* HomeView.swift in Sources */ = {isa = PBXBuildFile; fileRef = BEE450072B36E8C900F177FF /* HomeView.swift */; };
		BEE4500D2B36E9EF00F177FF /* CircleButtonView.swift in Sources */ = {isa = PBXBuildFile; fileRef = BEE4500C2B36E9EF00F177FF /* CircleButtonView.swift */; };
		BEE4500F2B36ED0E00F177FF /* CircleButtonAnimationView.swift in Sources */ = {isa = PBXBuildFile; fileRef = BEE4500E2B36ED0E00F177FF /* CircleButtonAnimationView.swift */; };
		BEE450112B36EF7600F177FF /* CoinModel.swift in Sources */ = {isa = PBXBuildFile; fileRef = BEE450102B36EF7600F177FF /* CoinModel.swift */; };
		BEE450132B36F8B800F177FF /* CoinRowView.swift in Sources */ = {isa = PBXBuildFile; fileRef = BEE450122B36F8B800F177FF /* CoinRowView.swift */; };
		BEE450152B36FBFF00F177FF /* Double+Extension.swift in Sources */ = {isa = PBXBuildFile; fileRef = BEE450142B36FBFF00F177FF /* Double+Extension.swift */; };
/* End PBXBuildFile section */

/* Begin PBXFileReference section */
		AA27F2B92B4E015D005A3082 /* MarketDataModel.swift */ = {isa = PBXFileReference; lastKnownFileType = sourcecode.swift; path = MarketDataModel.swift; sourceTree = "<group>"; };
		AA27F2BB2B4E04DF005A3082 /* MarketDataService.swift */ = {isa = PBXFileReference; lastKnownFileType = sourcecode.swift; path = MarketDataService.swift; sourceTree = "<group>"; };
		AA27F2BD2B4E0F11005A3082 /* Info.plist */ = {isa = PBXFileReference; lastKnownFileType = text.plist; path = Info.plist; sourceTree = "<group>"; };
		AA3FC6F62B56E871006F9002 /* DetailView.swift */ = {isa = PBXFileReference; lastKnownFileType = sourcecode.swift; path = DetailView.swift; sourceTree = "<group>"; };
		AA7DBB152B596F46002BE205 /* CoinDetailModel.swift */ = {isa = PBXFileReference; lastKnownFileType = sourcecode.swift; path = CoinDetailModel.swift; sourceTree = "<group>"; };
		AA7DBB172B597001002BE205 /* CoinDetailViewModel.swift */ = {isa = PBXFileReference; lastKnownFileType = sourcecode.swift; path = CoinDetailViewModel.swift; sourceTree = "<group>"; };
		AA7DBB192B59701D002BE205 /* CoinDetailDataService.swift */ = {isa = PBXFileReference; lastKnownFileType = sourcecode.swift; path = CoinDetailDataService.swift; sourceTree = "<group>"; };
		AAA8694D2B4AE8C200B3C71C /* SearchBarView.swift */ = {isa = PBXFileReference; lastKnownFileType = sourcecode.swift; path = SearchBarView.swift; sourceTree = "<group>"; };
		AAA8694F2B4AFCB500B3C71C /* UIApplication+Extension.swift */ = {isa = PBXFileReference; lastKnownFileType = sourcecode.swift; path = "UIApplication+Extension.swift"; sourceTree = "<group>"; };
		AAAD70A72B505C7800914416 /* PortfolioContainer.xcdatamodel */ = {isa = PBXFileReference; lastKnownFileType = wrapper.xcdatamodel; path = PortfolioContainer.xcdatamodel; sourceTree = "<group>"; };
		AAAD70A92B505CE800914416 /* PortfolioDataService.swift */ = {isa = PBXFileReference; lastKnownFileType = sourcecode.swift; path = PortfolioDataService.swift; sourceTree = "<group>"; };
		AAC9FEA02B4B39D600FCDA15 /* StatisticModel.swift */ = {isa = PBXFileReference; lastKnownFileType = sourcecode.swift; path = StatisticModel.swift; sourceTree = "<group>"; };
		AAC9FEA22B4B3AC300FCDA15 /* StatisticView.swift */ = {isa = PBXFileReference; lastKnownFileType = sourcecode.swift; path = StatisticView.swift; sourceTree = "<group>"; };
		AAC9FEA52B4B3DEF00FCDA15 /* HomeStatsView.swift */ = {isa = PBXFileReference; lastKnownFileType = sourcecode.swift; path = HomeStatsView.swift; sourceTree = "<group>"; };
		AADE197D2B4EDCC90027E666 /* PorfolioView.swift */ = {isa = PBXFileReference; lastKnownFileType = sourcecode.swift; path = PorfolioView.swift; sourceTree = "<group>"; };
		AADE19802B4EE03F0027E666 /* XMarkButton.swift */ = {isa = PBXFileReference; lastKnownFileType = sourcecode.swift; path = XMarkButton.swift; sourceTree = "<group>"; };
		AADE19822B4EE25F0027E666 /* CoinLogoView.swift */ = {isa = PBXFileReference; lastKnownFileType = sourcecode.swift; path = CoinLogoView.swift; sourceTree = "<group>"; };
		BE2B992D2B3BD3590074689B /* LocalFileManager.swift */ = {isa = PBXFileReference; lastKnownFileType = sourcecode.swift; path = LocalFileManager.swift; sourceTree = "<group>"; };
		BE486A962B37089200A0BFF3 /* UIWindow+Extension.swift */ = {isa = PBXFileReference; lastKnownFileType = sourcecode.swift; path = "UIWindow+Extension.swift"; sourceTree = "<group>"; };
		BE486A982B371B2C00A0BFF3 /* HomeViewModel.swift */ = {isa = PBXFileReference; lastKnownFileType = sourcecode.swift; path = HomeViewModel.swift; sourceTree = "<group>"; };
		BE486A9C2B372DA400A0BFF3 /* CoinDataService.swift */ = {isa = PBXFileReference; lastKnownFileType = sourcecode.swift; path = CoinDataService.swift; sourceTree = "<group>"; };
		BE486A9F2B37454800A0BFF3 /* NetworkingManager.swift */ = {isa = PBXFileReference; lastKnownFileType = sourcecode.swift; path = NetworkingManager.swift; sourceTree = "<group>"; };
		BE486AE72B37A5E100A0BFF3 /* CoinImageView.swift */ = {isa = PBXFileReference; lastKnownFileType = sourcecode.swift; path = CoinImageView.swift; sourceTree = "<group>"; };
		BE486AE92B37A82D00A0BFF3 /* CoinImageService.swift */ = {isa = PBXFileReference; lastKnownFileType = sourcecode.swift; path = CoinImageService.swift; sourceTree = "<group>"; };
		BE486AEB2B37A9D900A0BFF3 /* CoinImageViewModel.swift */ = {isa = PBXFileReference; lastKnownFileType = sourcecode.swift; path = CoinImageViewModel.swift; sourceTree = "<group>"; };
		BEE44FEA2B36E54500F177FF /* CryptoTracker.app */ = {isa = PBXFileReference; explicitFileType = wrapper.application; includeInIndex = 0; path = CryptoTracker.app; sourceTree = BUILT_PRODUCTS_DIR; };
		BEE44FED2B36E54500F177FF /* CryptoTrackerApp.swift */ = {isa = PBXFileReference; lastKnownFileType = sourcecode.swift; path = CryptoTrackerApp.swift; sourceTree = "<group>"; };
		BEE44FF42B36E54600F177FF /* Preview Assets.xcassets */ = {isa = PBXFileReference; lastKnownFileType = folder.assetcatalog; path = "Preview Assets.xcassets"; sourceTree = "<group>"; };
		BEE44FFB2B36E60400F177FF /* Assets.xcassets */ = {isa = PBXFileReference; lastKnownFileType = folder.assetcatalog; path = Assets.xcassets; sourceTree = "<group>"; };
		BEE44FFF2B36E65800F177FF /* Color+Extension.swift */ = {isa = PBXFileReference; lastKnownFileType = sourcecode.swift; path = "Color+Extension.swift"; sourceTree = "<group>"; };
		BEE450072B36E8C900F177FF /* HomeView.swift */ = {isa = PBXFileReference; lastKnownFileType = sourcecode.swift; path = HomeView.swift; sourceTree = "<group>"; };
		BEE4500C2B36E9EF00F177FF /* CircleButtonView.swift */ = {isa = PBXFileReference; lastKnownFileType = sourcecode.swift; path = CircleButtonView.swift; sourceTree = "<group>"; };
		BEE4500E2B36ED0E00F177FF /* CircleButtonAnimationView.swift */ = {isa = PBXFileReference; lastKnownFileType = sourcecode.swift; path = CircleButtonAnimationView.swift; sourceTree = "<group>"; };
		BEE450102B36EF7600F177FF /* CoinModel.swift */ = {isa = PBXFileReference; lastKnownFileType = sourcecode.swift; path = CoinModel.swift; sourceTree = "<group>"; };
		BEE450122B36F8B800F177FF /* CoinRowView.swift */ = {isa = PBXFileReference; lastKnownFileType = sourcecode.swift; path = CoinRowView.swift; sourceTree = "<group>"; };
		BEE450142B36FBFF00F177FF /* Double+Extension.swift */ = {isa = PBXFileReference; lastKnownFileType = sourcecode.swift; path = "Double+Extension.swift"; sourceTree = "<group>"; };
/* End PBXFileReference section */

/* Begin PBXFrameworksBuildPhase section */
		BEE44FE72B36E54500F177FF /* Frameworks */ = {
			isa = PBXFrameworksBuildPhase;
			buildActionMask = 2147483647;
			files = (
			);
			runOnlyForDeploymentPostprocessing = 0;
		};
/* End PBXFrameworksBuildPhase section */

/* Begin PBXGroup section */
		AA3FC6F32B56E82F006F9002 /* Detail */ = {
			isa = PBXGroup;
			children = (
				AA3FC6F52B56E849006F9002 /* Views */,
				AA3FC6F42B56E845006F9002 /* ViewModels */,
			);
			path = Detail;
			sourceTree = "<group>";
		};
		AA3FC6F42B56E845006F9002 /* ViewModels */ = {
			isa = PBXGroup;
			children = (
				AA7DBB172B597001002BE205 /* CoinDetailViewModel.swift */,
			);
			path = ViewModels;
			sourceTree = "<group>";
		};
		AA3FC6F52B56E849006F9002 /* Views */ = {
			isa = PBXGroup;
			children = (
				AA3FC6F62B56E871006F9002 /* DetailView.swift */,
			);
			path = Views;
			sourceTree = "<group>";
		};
		AAA8694C2B4AE8B600B3C71C /* SearchBar */ = {
			isa = PBXGroup;
			children = (
				AAA8694D2B4AE8C200B3C71C /* SearchBarView.swift */,
			);
			path = SearchBar;
			sourceTree = "<group>";
		};
		AAC9FEA42B4B3BAB00FCDA15 /* StatisticView */ = {
			isa = PBXGroup;
			children = (
				AAC9FEA22B4B3AC300FCDA15 /* StatisticView.swift */,
			);
			path = StatisticView;
			sourceTree = "<group>";
		};
		AADE197B2B4EB6720027E666 /* Resources */ = {
			isa = PBXGroup;
			children = (
				BEE44FFB2B36E60400F177FF /* Assets.xcassets */,
			);
			path = Resources;
			sourceTree = "<group>";
		};
		AADE197C2B4EB68F0027E666 /* App */ = {
			isa = PBXGroup;
			children = (
				AA27F2BD2B4E0F11005A3082 /* Info.plist */,
				BEE44FED2B36E54500F177FF /* CryptoTrackerApp.swift */,
			);
			name = App;
			sourceTree = "<group>";
		};
		AADE197F2B4EE0310027E666 /* Buttons */ = {
			isa = PBXGroup;
			children = (
				AADE19802B4EE03F0027E666 /* XMarkButton.swift */,
			);
			path = Buttons;
			sourceTree = "<group>";
		};
		BE486A9A2B372D8E00A0BFF3 /* Core */ = {
			isa = PBXGroup;
			children = (
				BE486A9E2B37454000A0BFF3 /* Manager */,
				BE486A9B2B372D9400A0BFF3 /* Services */,
			);
			path = Core;
			sourceTree = "<group>";
		};
		BE486A9B2B372D9400A0BFF3 /* Services */ = {
			isa = PBXGroup;
			children = (
				BE486A9C2B372DA400A0BFF3 /* CoinDataService.swift */,
				BE486AE92B37A82D00A0BFF3 /* CoinImageService.swift */,
				AA27F2BB2B4E04DF005A3082 /* MarketDataService.swift */,
				AAAD70A92B505CE800914416 /* PortfolioDataService.swift */,
				AA7DBB192B59701D002BE205 /* CoinDetailDataService.swift */,
			);
			path = Services;
			sourceTree = "<group>";
		};
		BE486A9E2B37454000A0BFF3 /* Manager */ = {
			isa = PBXGroup;
			children = (
				BE486A9F2B37454800A0BFF3 /* NetworkingManager.swift */,
				BE2B992D2B3BD3590074689B /* LocalFileManager.swift */,
			);
			path = Manager;
			sourceTree = "<group>";
		};
		BE486AE62B37A5D100A0BFF3 /* CoinImage */ = {
			isa = PBXGroup;
			children = (
				BE486AE72B37A5E100A0BFF3 /* CoinImageView.swift */,
				AADE19822B4EE25F0027E666 /* CoinLogoView.swift */,
			);
			path = CoinImage;
			sourceTree = "<group>";
		};
		BEE44FE12B36E54500F177FF = {
			isa = PBXGroup;
			children = (
				BEE44FEC2B36E54500F177FF /* CryptoTracker */,
				BEE44FEB2B36E54500F177FF /* Products */,
			);
			sourceTree = "<group>";
		};
		BEE44FEB2B36E54500F177FF /* Products */ = {
			isa = PBXGroup;
			children = (
				BEE44FEA2B36E54500F177FF /* CryptoTracker.app */,
			);
			name = Products;
			sourceTree = "<group>";
		};
		BEE44FEC2B36E54500F177FF /* CryptoTracker */ = {
			isa = PBXGroup;
			children = (
				AADE197C2B4EB68F0027E666 /* App */,
				BE486A9A2B372D8E00A0BFF3 /* Core */,
				BEE44FFD2B36E63B00F177FF /* Utils */,
				BEE450022B36E89900F177FF /* Features */,
				BEE450092B36E9D300F177FF /* Product */,
				AADE197B2B4EB6720027E666 /* Resources */,
				BEE44FF32B36E54600F177FF /* Preview Content */,
			);
			path = CryptoTracker;
			sourceTree = "<group>";
		};
		BEE44FF32B36E54600F177FF /* Preview Content */ = {
			isa = PBXGroup;
			children = (
				BEE44FF42B36E54600F177FF /* Preview Assets.xcassets */,
			);
			path = "Preview Content";
			sourceTree = "<group>";
		};
		BEE44FFD2B36E63B00F177FF /* Utils */ = {
			isa = PBXGroup;
			children = (
				BEE44FFE2B36E63E00F177FF /* Extensions */,
			);
			path = Utils;
			sourceTree = "<group>";
		};
		BEE44FFE2B36E63E00F177FF /* Extensions */ = {
			isa = PBXGroup;
			children = (
				BEE44FFF2B36E65800F177FF /* Color+Extension.swift */,
				BEE450142B36FBFF00F177FF /* Double+Extension.swift */,
				BE486A962B37089200A0BFF3 /* UIWindow+Extension.swift */,
				AAA8694F2B4AFCB500B3C71C /* UIApplication+Extension.swift */,
			);
			path = Extensions;
			sourceTree = "<group>";
		};
		BEE450022B36E89900F177FF /* Features */ = {
			isa = PBXGroup;
			children = (
				BEE450032B36E8A800F177FF /* Home */,
				AA3FC6F32B56E82F006F9002 /* Detail */,
			);
			path = Features;
			sourceTree = "<group>";
		};
		BEE450032B36E8A800F177FF /* Home */ = {
			isa = PBXGroup;
			children = (
				BEE450042B36E8B200F177FF /* Views */,
				BEE450062B36E8B700F177FF /* ViewModels */,
			);
			path = Home;
			sourceTree = "<group>";
		};
		BEE450042B36E8B200F177FF /* Views */ = {
			isa = PBXGroup;
			children = (
				BEE450072B36E8C900F177FF /* HomeView.swift */,
				AAC9FEA52B4B3DEF00FCDA15 /* HomeStatsView.swift */,
				BEE450122B36F8B800F177FF /* CoinRowView.swift */,
				AADE197D2B4EDCC90027E666 /* PorfolioView.swift */,
			);
			path = Views;
			sourceTree = "<group>";
		};
		BEE450052B36E8B400F177FF /* Models */ = {
			isa = PBXGroup;
			children = (
				BEE450102B36EF7600F177FF /* CoinModel.swift */,
				AAC9FEA02B4B39D600FCDA15 /* StatisticModel.swift */,
				AA27F2B92B4E015D005A3082 /* MarketDataModel.swift */,
				AAAD70A62B505C7800914416 /* PortfolioContainer.xcdatamodeld */,
				AA7DBB152B596F46002BE205 /* CoinDetailModel.swift */,
			);
			path = Models;
			sourceTree = "<group>";
		};
		BEE450062B36E8B700F177FF /* ViewModels */ = {
			isa = PBXGroup;
			children = (
				BE486AEB2B37A9D900A0BFF3 /* CoinImageViewModel.swift */,
				BE486A982B371B2C00A0BFF3 /* HomeViewModel.swift */,
			);
			path = ViewModels;
			sourceTree = "<group>";
		};
		BEE450092B36E9D300F177FF /* Product */ = {
			isa = PBXGroup;
			children = (
				BEE450052B36E8B400F177FF /* Models */,
				BEE4500A2B36E9D900F177FF /* Components */,
			);
			path = Product;
			sourceTree = "<group>";
		};
		BEE4500A2B36E9D900F177FF /* Components */ = {
			isa = PBXGroup;
			children = (
				AADE197F2B4EE0310027E666 /* Buttons */,
				AAC9FEA42B4B3BAB00FCDA15 /* StatisticView */,
				AAA8694C2B4AE8B600B3C71C /* SearchBar */,
				BE486AE62B37A5D100A0BFF3 /* CoinImage */,
				BEE4500B2B36E9E100F177FF /* CircleButton */,
			);
			path = Components;
			sourceTree = "<group>";
		};
		BEE4500B2B36E9E100F177FF /* CircleButton */ = {
			isa = PBXGroup;
			children = (
				BEE4500C2B36E9EF00F177FF /* CircleButtonView.swift */,
				BEE4500E2B36ED0E00F177FF /* CircleButtonAnimationView.swift */,
			);
			path = CircleButton;
			sourceTree = "<group>";
		};
/* End PBXGroup section */

/* Begin PBXNativeTarget section */
		BEE44FE92B36E54500F177FF /* CryptoTracker */ = {
			isa = PBXNativeTarget;
			buildConfigurationList = BEE44FF82B36E54600F177FF /* Build configuration list for PBXNativeTarget "CryptoTracker" */;
			buildPhases = (
				BEE44FE62B36E54500F177FF /* Sources */,
				BEE44FE72B36E54500F177FF /* Frameworks */,
				BEE44FE82B36E54500F177FF /* Resources */,
			);
			buildRules = (
			);
			dependencies = (
			);
			name = CryptoTracker;
			productName = CryptoTracker;
			productReference = BEE44FEA2B36E54500F177FF /* CryptoTracker.app */;
			productType = "com.apple.product-type.application";
		};
/* End PBXNativeTarget section */

/* Begin PBXProject section */
		BEE44FE22B36E54500F177FF /* Project object */ = {
			isa = PBXProject;
			attributes = {
				BuildIndependentTargetsInParallel = 1;
				LastSwiftUpdateCheck = 1510;
				LastUpgradeCheck = 1510;
				TargetAttributes = {
					BEE44FE92B36E54500F177FF = {
						CreatedOnToolsVersion = 15.1;
					};
				};
			};
			buildConfigurationList = BEE44FE52B36E54500F177FF /* Build configuration list for PBXProject "CryptoTracker" */;
			compatibilityVersion = "Xcode 14.0";
			developmentRegion = en;
			hasScannedForEncodings = 0;
			knownRegions = (
				en,
				Base,
			);
			mainGroup = BEE44FE12B36E54500F177FF;
			productRefGroup = BEE44FEB2B36E54500F177FF /* Products */;
			projectDirPath = "";
			projectRoot = "";
			targets = (
				BEE44FE92B36E54500F177FF /* CryptoTracker */,
			);
		};
/* End PBXProject section */

/* Begin PBXResourcesBuildPhase section */
		BEE44FE82B36E54500F177FF /* Resources */ = {
			isa = PBXResourcesBuildPhase;
			buildActionMask = 2147483647;
			files = (
				BEE44FF52B36E54600F177FF /* Preview Assets.xcassets in Resources */,
				BEE44FFC2B36E60400F177FF /* Assets.xcassets in Resources */,
			);
			runOnlyForDeploymentPostprocessing = 0;
		};
/* End PBXResourcesBuildPhase section */

/* Begin PBXSourcesBuildPhase section */
		BEE44FE62B36E54500F177FF /* Sources */ = {
			isa = PBXSourcesBuildPhase;
			buildActionMask = 2147483647;
			files = (
				AAC9FEA12B4B39D600FCDA15 /* StatisticModel.swift in Sources */,
				AA27F2BC2B4E04DF005A3082 /* MarketDataService.swift in Sources */,
				AADE19832B4EE25F0027E666 /* CoinLogoView.swift in Sources */,
				AAC9FEA32B4B3AC300FCDA15 /* StatisticView.swift in Sources */,
				BE486A9D2B372DA400A0BFF3 /* CoinDataService.swift in Sources */,
				AAAD70A82B505C7800914416 /* PortfolioContainer.xcdatamodeld in Sources */,
				BEE450132B36F8B800F177FF /* CoinRowView.swift in Sources */,
				AAA869502B4AFCB500B3C71C /* UIApplication+Extension.swift in Sources */,
				BE486A992B371B2C00A0BFF3 /* HomeViewModel.swift in Sources */,
				BE486A972B37089200A0BFF3 /* UIWindow+Extension.swift in Sources */,
				BE2B992E2B3BD3590074689B /* LocalFileManager.swift in Sources */,
				BE486AE82B37A5E100A0BFF3 /* CoinImageView.swift in Sources */,
				AADE197E2B4EDCC90027E666 /* PorfolioView.swift in Sources */,
				BEE450152B36FBFF00F177FF /* Double+Extension.swift in Sources */,
				BEE450082B36E8C900F177FF /* HomeView.swift in Sources */,
				AA3FC6F72B56E871006F9002 /* DetailView.swift in Sources */,
				AAC9FEA62B4B3DEF00FCDA15 /* HomeStatsView.swift in Sources */,
				BEE44FEE2B36E54500F177FF /* CryptoTrackerApp.swift in Sources */,
				AA27F2BA2B4E015D005A3082 /* MarketDataModel.swift in Sources */,
				AA7DBB162B596F46002BE205 /* CoinDetailModel.swift in Sources */,
				AAAD70AA2B505CE800914416 /* PortfolioDataService.swift in Sources */,
				BE486AA02B37454800A0BFF3 /* NetworkingManager.swift in Sources */,
				BEE4500D2B36E9EF00F177FF /* CircleButtonView.swift in Sources */,
				BE486AEC2B37A9D900A0BFF3 /* CoinImageViewModel.swift in Sources */,
				BEE450002B36E65800F177FF /* Color+Extension.swift in Sources */,
				AA7DBB182B597001002BE205 /* CoinDetailViewModel.swift in Sources */,
				BEE4500F2B36ED0E00F177FF /* CircleButtonAnimationView.swift in Sources */,
				AADE19812B4EE03F0027E666 /* XMarkButton.swift in Sources */,
				BE486AEA2B37A82D00A0BFF3 /* CoinImageService.swift in Sources */,
				AA7DBB1A2B59701D002BE205 /* CoinDetailDataService.swift in Sources */,
				AAA8694E2B4AE8C200B3C71C /* SearchBarView.swift in Sources */,
				BEE450112B36EF7600F177FF /* CoinModel.swift in Sources */,
			);
			runOnlyForDeploymentPostprocessing = 0;
		};
/* End PBXSourcesBuildPhase section */

/* Begin XCBuildConfiguration section */
		BEE44FF62B36E54600F177FF /* Debug */ = {
			isa = XCBuildConfiguration;
			buildSettings = {
				ALWAYS_SEARCH_USER_PATHS = NO;
				ASSETCATALOG_COMPILER_GENERATE_SWIFT_ASSET_SYMBOL_EXTENSIONS = YES;
				CLANG_ANALYZER_NONNULL = YES;
				CLANG_ANALYZER_NUMBER_OBJECT_CONVERSION = YES_AGGRESSIVE;
				CLANG_CXX_LANGUAGE_STANDARD = "gnu++20";
				CLANG_ENABLE_MODULES = YES;
				CLANG_ENABLE_OBJC_ARC = YES;
				CLANG_ENABLE_OBJC_WEAK = YES;
				CLANG_WARN_BLOCK_CAPTURE_AUTORELEASING = YES;
				CLANG_WARN_BOOL_CONVERSION = YES;
				CLANG_WARN_COMMA = YES;
				CLANG_WARN_CONSTANT_CONVERSION = YES;
				CLANG_WARN_DEPRECATED_OBJC_IMPLEMENTATIONS = YES;
				CLANG_WARN_DIRECT_OBJC_ISA_USAGE = YES_ERROR;
				CLANG_WARN_DOCUMENTATION_COMMENTS = YES;
				CLANG_WARN_EMPTY_BODY = YES;
				CLANG_WARN_ENUM_CONVERSION = YES;
				CLANG_WARN_INFINITE_RECURSION = YES;
				CLANG_WARN_INT_CONVERSION = YES;
				CLANG_WARN_NON_LITERAL_NULL_CONVERSION = YES;
				CLANG_WARN_OBJC_IMPLICIT_RETAIN_SELF = YES;
				CLANG_WARN_OBJC_LITERAL_CONVERSION = YES;
				CLANG_WARN_OBJC_ROOT_CLASS = YES_ERROR;
				CLANG_WARN_QUOTED_INCLUDE_IN_FRAMEWORK_HEADER = YES;
				CLANG_WARN_RANGE_LOOP_ANALYSIS = YES;
				CLANG_WARN_STRICT_PROTOTYPES = YES;
				CLANG_WARN_SUSPICIOUS_MOVE = YES;
				CLANG_WARN_UNGUARDED_AVAILABILITY = YES_AGGRESSIVE;
				CLANG_WARN_UNREACHABLE_CODE = YES;
				CLANG_WARN__DUPLICATE_METHOD_MATCH = YES;
				COPY_PHASE_STRIP = NO;
				DEBUG_INFORMATION_FORMAT = dwarf;
				ENABLE_STRICT_OBJC_MSGSEND = YES;
				ENABLE_TESTABILITY = YES;
				ENABLE_USER_SCRIPT_SANDBOXING = YES;
				GCC_C_LANGUAGE_STANDARD = gnu17;
				GCC_DYNAMIC_NO_PIC = NO;
				GCC_NO_COMMON_BLOCKS = YES;
				GCC_OPTIMIZATION_LEVEL = 0;
				GCC_PREPROCESSOR_DEFINITIONS = (
					"DEBUG=1",
					"$(inherited)",
				);
				GCC_WARN_64_TO_32_BIT_CONVERSION = YES;
				GCC_WARN_ABOUT_RETURN_TYPE = YES_ERROR;
				GCC_WARN_UNDECLARED_SELECTOR = YES;
				GCC_WARN_UNINITIALIZED_AUTOS = YES_AGGRESSIVE;
				GCC_WARN_UNUSED_FUNCTION = YES;
				GCC_WARN_UNUSED_VARIABLE = YES;
				IPHONEOS_DEPLOYMENT_TARGET = 17.2;
				LOCALIZATION_PREFERS_STRING_CATALOGS = YES;
				MTL_ENABLE_DEBUG_INFO = INCLUDE_SOURCE;
				MTL_FAST_MATH = YES;
				ONLY_ACTIVE_ARCH = YES;
				SDKROOT = iphoneos;
				SWIFT_ACTIVE_COMPILATION_CONDITIONS = "DEBUG $(inherited)";
				SWIFT_OPTIMIZATION_LEVEL = "-Onone";
			};
			name = Debug;
		};
		BEE44FF72B36E54600F177FF /* Release */ = {
			isa = XCBuildConfiguration;
			buildSettings = {
				ALWAYS_SEARCH_USER_PATHS = NO;
				ASSETCATALOG_COMPILER_GENERATE_SWIFT_ASSET_SYMBOL_EXTENSIONS = YES;
				CLANG_ANALYZER_NONNULL = YES;
				CLANG_ANALYZER_NUMBER_OBJECT_CONVERSION = YES_AGGRESSIVE;
				CLANG_CXX_LANGUAGE_STANDARD = "gnu++20";
				CLANG_ENABLE_MODULES = YES;
				CLANG_ENABLE_OBJC_ARC = YES;
				CLANG_ENABLE_OBJC_WEAK = YES;
				CLANG_WARN_BLOCK_CAPTURE_AUTORELEASING = YES;
				CLANG_WARN_BOOL_CONVERSION = YES;
				CLANG_WARN_COMMA = YES;
				CLANG_WARN_CONSTANT_CONVERSION = YES;
				CLANG_WARN_DEPRECATED_OBJC_IMPLEMENTATIONS = YES;
				CLANG_WARN_DIRECT_OBJC_ISA_USAGE = YES_ERROR;
				CLANG_WARN_DOCUMENTATION_COMMENTS = YES;
				CLANG_WARN_EMPTY_BODY = YES;
				CLANG_WARN_ENUM_CONVERSION = YES;
				CLANG_WARN_INFINITE_RECURSION = YES;
				CLANG_WARN_INT_CONVERSION = YES;
				CLANG_WARN_NON_LITERAL_NULL_CONVERSION = YES;
				CLANG_WARN_OBJC_IMPLICIT_RETAIN_SELF = YES;
				CLANG_WARN_OBJC_LITERAL_CONVERSION = YES;
				CLANG_WARN_OBJC_ROOT_CLASS = YES_ERROR;
				CLANG_WARN_QUOTED_INCLUDE_IN_FRAMEWORK_HEADER = YES;
				CLANG_WARN_RANGE_LOOP_ANALYSIS = YES;
				CLANG_WARN_STRICT_PROTOTYPES = YES;
				CLANG_WARN_SUSPICIOUS_MOVE = YES;
				CLANG_WARN_UNGUARDED_AVAILABILITY = YES_AGGRESSIVE;
				CLANG_WARN_UNREACHABLE_CODE = YES;
				CLANG_WARN__DUPLICATE_METHOD_MATCH = YES;
				COPY_PHASE_STRIP = NO;
				DEBUG_INFORMATION_FORMAT = "dwarf-with-dsym";
				ENABLE_NS_ASSERTIONS = NO;
				ENABLE_STRICT_OBJC_MSGSEND = YES;
				ENABLE_USER_SCRIPT_SANDBOXING = YES;
				GCC_C_LANGUAGE_STANDARD = gnu17;
				GCC_NO_COMMON_BLOCKS = YES;
				GCC_WARN_64_TO_32_BIT_CONVERSION = YES;
				GCC_WARN_ABOUT_RETURN_TYPE = YES_ERROR;
				GCC_WARN_UNDECLARED_SELECTOR = YES;
				GCC_WARN_UNINITIALIZED_AUTOS = YES_AGGRESSIVE;
				GCC_WARN_UNUSED_FUNCTION = YES;
				GCC_WARN_UNUSED_VARIABLE = YES;
				IPHONEOS_DEPLOYMENT_TARGET = 17.2;
				LOCALIZATION_PREFERS_STRING_CATALOGS = YES;
				MTL_ENABLE_DEBUG_INFO = NO;
				MTL_FAST_MATH = YES;
				SDKROOT = iphoneos;
				SWIFT_COMPILATION_MODE = wholemodule;
				VALIDATE_PRODUCT = YES;
			};
			name = Release;
		};
		BEE44FF92B36E54600F177FF /* Debug */ = {
			isa = XCBuildConfiguration;
			buildSettings = {
				ASSETCATALOG_COMPILER_APPICON_NAME = AppIcon;
				ASSETCATALOG_COMPILER_GLOBAL_ACCENT_COLOR_NAME = AccentColor;
				CODE_SIGN_STYLE = Automatic;
				CURRENT_PROJECT_VERSION = 1;
				DEVELOPMENT_ASSET_PATHS = "\"CryptoTracker/Preview Content\"";
				DEVELOPMENT_TEAM = 46PR5V47LD;
				ENABLE_PREVIEWS = YES;
				GENERATE_INFOPLIST_FILE = YES;
				INFOPLIST_FILE = CryptoTracker/Info.plist;
				INFOPLIST_KEY_CFBundleDisplayName = "Crypto Tracker";
				INFOPLIST_KEY_UIApplicationSceneManifest_Generation = YES;
				INFOPLIST_KEY_UIApplicationSupportsIndirectInputEvents = YES;
				INFOPLIST_KEY_UILaunchScreen_Generation = YES;
				INFOPLIST_KEY_UISupportedInterfaceOrientations = UIInterfaceOrientationPortrait;
				LD_RUNPATH_SEARCH_PATHS = (
					"$(inherited)",
					"@executable_path/Frameworks",
				);
				MARKETING_VERSION = 1.0;
				PRODUCT_BUNDLE_IDENTIFIER = com.yunusberdibek.CryptoTracker;
				PRODUCT_NAME = "$(TARGET_NAME)";
				SUPPORTED_PLATFORMS = "iphoneos iphonesimulator";
				SUPPORTS_MACCATALYST = NO;
				SUPPORTS_MAC_DESIGNED_FOR_IPHONE_IPAD = NO;
				SWIFT_EMIT_LOC_STRINGS = YES;
				SWIFT_VERSION = 5.0;
				TARGETED_DEVICE_FAMILY = "1,2";
			};
			name = Debug;
		};
		BEE44FFA2B36E54600F177FF /* Release */ = {
			isa = XCBuildConfiguration;
			buildSettings = {
				ASSETCATALOG_COMPILER_APPICON_NAME = AppIcon;
				ASSETCATALOG_COMPILER_GLOBAL_ACCENT_COLOR_NAME = AccentColor;
				CODE_SIGN_STYLE = Automatic;
				CURRENT_PROJECT_VERSION = 1;
				DEVELOPMENT_ASSET_PATHS = "\"CryptoTracker/Preview Content\"";
				DEVELOPMENT_TEAM = 46PR5V47LD;
				ENABLE_PREVIEWS = YES;
				GENERATE_INFOPLIST_FILE = YES;
				INFOPLIST_FILE = CryptoTracker/Info.plist;
				INFOPLIST_KEY_CFBundleDisplayName = "Crypto Tracker";
				INFOPLIST_KEY_UIApplicationSceneManifest_Generation = YES;
				INFOPLIST_KEY_UIApplicationSupportsIndirectInputEvents = YES;
				INFOPLIST_KEY_UILaunchScreen_Generation = YES;
				INFOPLIST_KEY_UISupportedInterfaceOrientations = UIInterfaceOrientationPortrait;
				LD_RUNPATH_SEARCH_PATHS = (
					"$(inherited)",
					"@executable_path/Frameworks",
				);
				MARKETING_VERSION = 1.0;
				PRODUCT_BUNDLE_IDENTIFIER = com.yunusberdibek.CryptoTracker;
				PRODUCT_NAME = "$(TARGET_NAME)";
				SUPPORTED_PLATFORMS = "iphoneos iphonesimulator";
				SUPPORTS_MACCATALYST = NO;
				SUPPORTS_MAC_DESIGNED_FOR_IPHONE_IPAD = NO;
				SWIFT_EMIT_LOC_STRINGS = YES;
				SWIFT_VERSION = 5.0;
				TARGETED_DEVICE_FAMILY = "1,2";
			};
			name = Release;
		};
/* End XCBuildConfiguration section */

/* Begin XCConfigurationList section */
		BEE44FE52B36E54500F177FF /* Build configuration list for PBXProject "CryptoTracker" */ = {
			isa = XCConfigurationList;
			buildConfigurations = (
				BEE44FF62B36E54600F177FF /* Debug */,
				BEE44FF72B36E54600F177FF /* Release */,
			);
			defaultConfigurationIsVisible = 0;
			defaultConfigurationName = Release;
		};
		BEE44FF82B36E54600F177FF /* Build configuration list for PBXNativeTarget "CryptoTracker" */ = {
			isa = XCConfigurationList;
			buildConfigurations = (
				BEE44FF92B36E54600F177FF /* Debug */,
				BEE44FFA2B36E54600F177FF /* Release */,
			);
			defaultConfigurationIsVisible = 0;
			defaultConfigurationName = Release;
		};
/* End XCConfigurationList section */

/* Begin XCVersionGroup section */
		AAAD70A62B505C7800914416 /* PortfolioContainer.xcdatamodeld */ = {
			isa = XCVersionGroup;
			children = (
				AAAD70A72B505C7800914416 /* PortfolioContainer.xcdatamodel */,
			);
			currentVersion = AAAD70A72B505C7800914416 /* PortfolioContainer.xcdatamodel */;
			path = PortfolioContainer.xcdatamodeld;
			sourceTree = "<group>";
			versionGroupType = wrapper.xcdatamodel;
		};
/* End XCVersionGroup section */
	};
	rootObject = BEE44FE22B36E54500F177FF /* Project object */;
}
